<Solution>
  <Project Path="DevFlow.Application/DevFlow.Application.csproj" Id="7c8688eb-40b6-4f0a-b3ac-203e4316e25d" />
  <Project Path="DevFlow.Domain/DevFlow.Domain.csproj" Id="e3f72789-7a75-4e5a-ad35-7c17b3071a8d" />
  <Project Path="DevFlow.Infrastructure/DevFlow.Infrastructure.csproj" Id="7c8339a8-f0dc-4114-821c-bb14e6867450" />
  <Project Path="DevFlow/DevFlow.Api.csproj" />
</Solution>
