<Solution>
  <Project Path="DevFlow.Application/DevFlow.Application.csproj" Id="bec4ae08-b50e-422d-9680-59911c551413" />
  <Project Path="DevFlow.Domain/DevFlow.Domain.csproj" Id="217e26a4-f5d0-4cae-bf3f-6757fb0e5b71" />
  <Project Path="DevFlow.Infrastructure/DevFlow.Infrastructure.csproj" Id="d4292045-97dc-4265-88f5-ec199668d5a8" />
  <Project Path="DevFlow/DevFlow.Api.csproj" />
</Solution>
